
Microsoft Visual Studio Solution File, Format Version 12.00
# Visual Studio Version 17
VisualStudioVersion = 17.8.34330.188
MinimumVisualStudioVersion = 10.0.40219.1
Project("{FAE04EC0-301F-11D3-BF4B-00C04F79EFBC}") = "SchoolOopData", "SchoolOopData\SchoolOopData.csproj", "{8B0BE274-CA98-4CD5-A610-568F0D1D70F2}"
EndProject
Project("{FAE04EC0-301F-11D3-BF4B-00C04F79EFBC}") = "UnitTestProject", "UnitTestProject\UnitTestProject.csproj", "{347D5E1A-BFDA-4FD4-A9A9-D5A85550D38A}"
EndProject
Global
	GlobalSection(SolutionConfigurationPlatforms) = preSolution
		Debug|Any CPU = Debug|Any CPU
		Release|Any CPU = Release|Any CPU
	EndGlobalSection
	GlobalSection(ProjectConfigurationPlatforms) = postSolution
		{8B0BE274-CA98-4CD5-A610-568F0D1D70F2}.Debug|Any CPU.ActiveCfg = Debug|Any CPU
		{8B0BE274-CA98-4CD5-A610-568F0D1D70F2}.Debug|Any CPU.Build.0 = Debug|Any CPU
		{8B0BE274-CA98-4CD5-A610-568F0D1D70F2}.Release|Any CPU.ActiveCfg = Release|Any CPU
		{8B0BE274-CA98-4CD5-A610-568F0D1D70F2}.Release|Any CPU.Build.0 = Release|Any CPU
		{347D5E1A-BFDA-4FD4-A9A9-D5A85550D38A}.Debug|Any CPU.ActiveCfg = Debug|Any CPU
		{347D5E1A-BFDA-4FD4-A9A9-D5A85550D38A}.Debug|Any CPU.Build.0 = Debug|Any CPU
		{347D5E1A-BFDA-4FD4-A9A9-D5A85550D38A}.Release|Any CPU.ActiveCfg = Release|Any CPU
		{347D5E1A-BFDA-4FD4-A9A9-D5A85550D38A}.Release|Any CPU.Build.0 = Release|Any CPU
	EndGlobalSection
	GlobalSection(SolutionProperties) = preSolution
		HideSolutionNode = FALSE
	EndGlobalSection
	GlobalSection(ExtensibilityGlobals) = postSolution
		SolutionGuid = {508F98AB-56CC-4193-A789-AF6472FEF5E1}
	EndGlobalSection
EndGlobal
